// !$*UTF8*$!
{
	archiveVersion = 1;
	classes = {
	};
	objectVersion = 46;
	objects = {

/* Begin PBXBuildFile section */
		0D11AE401B7895E000A655BA /* PMWorldWeatherWeatherInfo.m in Sources */ = {isa = PBXBuildFile; fileRef = 0D11AE3F1B7895E000A655BA /* PMWorldWeatherWeatherInfo.m */; };
		0D11AE431B789B3800A655BA /* PMWorldWeatherHourlyForecast.m in Sources */ = {isa = PBXBuildFile; fileRef = 0D11AE421B789B3800A655BA /* PMWorldWeatherHourlyForecast.m */; };
		0D7EBD221B77D09900FBCB4E /* PMWorldWeatherServiceApiProvider.m in Sources */ = {isa = PBXBuildFile; fileRef = 0D7EBD211B77D09900FBCB4E /* PMWorldWeatherServiceApiProvider.m */; };
		0D7EBDA21B77DD4400FBCB4E /* PMCityEntity.m in Sources */ = {isa = PBXBuildFile; fileRef = 0D7EBD9F1B77DD4400FBCB4E /* PMCityEntity.m */; };
		0D7EBDB11B780B5100FBCB4E /* PMCityTableViewCell.m in Sources */ = {isa = PBXBuildFile; fileRef = 0D7EBDAF1B780B5100FBCB4E /* PMCityTableViewCell.m */; };
		0D7EBDB21B780B5100FBCB4E /* PMCityTableViewCell.xib in Resources */ = {isa = PBXBuildFile; fileRef = 0D7EBDB01B780B5100FBCB4E /* PMCityTableViewCell.xib */; };
		0D7EBDB51B7815E500FBCB4E /* PMAddCityViewController.m in Sources */ = {isa = PBXBuildFile; fileRef = 0D7EBDB41B7815E500FBCB4E /* PMAddCityViewController.m */; };
		0D7EBDB81B7817EE00FBCB4E /* PMWorldWeatherCityQuery.m in Sources */ = {isa = PBXBuildFile; fileRef = 0D7EBDB71B7817EE00FBCB4E /* PMWorldWeatherCityQuery.m */; };
		0D88065B1BA9F436002542CE /* ICity.swift in Sources */ = {isa = PBXBuildFile; fileRef = 0D88065A1BA9F436002542CE /* ICity.swift */; };
		0D8806611BA9FAE4002542CE /* PMCity.swift in Sources */ = {isa = PBXBuildFile; fileRef = 0D8806601BA9FAE4002542CE /* PMCity.swift */; };
		0D8806641BA9FE5A002542CE /* PMDomainEntity.m in Sources */ = {isa = PBXBuildFile; fileRef = 0D8806631BA9FE5A002542CE /* PMDomainEntity.m */; };
		0D8D51CF1B77BA49001A6D6A /* main.m in Sources */ = {isa = PBXBuildFile; fileRef = 0D8D51CE1B77BA49001A6D6A /* main.m */; };
		0D8D51D21B77BA49001A6D6A /* AppDelegate.m in Sources */ = {isa = PBXBuildFile; fileRef = 0D8D51D11B77BA49001A6D6A /* AppDelegate.m */; };
		0D8D51D51B77BA49001A6D6A /* CityWeather.xcdatamodeld in Sources */ = {isa = PBXBuildFile; fileRef = 0D8D51D31B77BA49001A6D6A /* CityWeather.xcdatamodeld */; };
		0D8D51D81B77BA49001A6D6A /* MasterViewController.m in Sources */ = {isa = PBXBuildFile; fileRef = 0D8D51D71B77BA49001A6D6A /* MasterViewController.m */; };
		0D8D51DB1B77BA49001A6D6A /* DetailViewController.m in Sources */ = {isa = PBXBuildFile; fileRef = 0D8D51DA1B77BA49001A6D6A /* DetailViewController.m */; };
		0D8D51DE1B77BA49001A6D6A /* Main.storyboard in Resources */ = {isa = PBXBuildFile; fileRef = 0D8D51DC1B77BA49001A6D6A /* Main.storyboard */; };
		0D8D51E01B77BA49001A6D6A /* Images.xcassets in Resources */ = {isa = PBXBuildFile; fileRef = 0D8D51DF1B77BA49001A6D6A /* Images.xcassets */; };
		0D8D51E31B77BA49001A6D6A /* LaunchScreen.xib in Resources */ = {isa = PBXBuildFile; fileRef = 0D8D51E11B77BA49001A6D6A /* LaunchScreen.xib */; };
		0D8D51EF1B77BA49001A6D6A /* CityWeatherTests.m in Sources */ = {isa = PBXBuildFile; fileRef = 0D8D51EE1B77BA49001A6D6A /* CityWeatherTests.m */; };
		0D8D51FF1B77BF6F001A6D6A /* PMPromise.m in Sources */ = {isa = PBXBuildFile; fileRef = 0D8D51FE1B77BF6F001A6D6A /* PMPromise.m */; };
		0D8D52021B77BF8E001A6D6A /* PMPromiseBuilder.m in Sources */ = {isa = PBXBuildFile; fileRef = 0D8D52011B77BF8E001A6D6A /* PMPromiseBuilder.m */; };
		0DC3668D1B78BB0E00B3F9D4 /* PMCityEntity+CustomGetters.m in Sources */ = {isa = PBXBuildFile; fileRef = 0DC3668C1B78BB0E00B3F9D4 /* PMCityEntity+CustomGetters.m */; };
		0DC366921B78C1BA00B3F9D4 /* PMWorldWeatherDailyForecast.m in Sources */ = {isa = PBXBuildFile; fileRef = 0DC366911B78C1BA00B3F9D4 /* PMWorldWeatherDailyForecast.m */; };
		0DC366961B78C43900B3F9D4 /* PMCityForecastTableViewCell.m in Sources */ = {isa = PBXBuildFile; fileRef = 0DC366941B78C43900B3F9D4 /* PMCityForecastTableViewCell.m */; };
		0DC366971B78C43900B3F9D4 /* PMCityForecastTableViewCell.xib in Resources */ = {isa = PBXBuildFile; fileRef = 0DC366951B78C43900B3F9D4 /* PMCityForecastTableViewCell.xib */; };
		14E66433D59D0DEC25BA96A7 /* libPods.a in Frameworks */ = {isa = PBXBuildFile; fileRef = 32500372A7E274660E41AC10 /* libPods.a */; };
		846F7329FC167599FE378EA3 /* IWeather.swift in Sources */ = {isa = PBXBuildFile; fileRef = 846F7770D211C433BB5D5238 /* IWeather.swift */; };
		846F757B0948A574A028EEAD /* PMWorldWeatherService.m in Sources */ = {isa = PBXBuildFile; fileRef = 846F794FC8B06FDA8F833C1B /* PMWorldWeatherService.m */; };
		846F788BE1FD52A0E8A8BAC9 /* PMCoreDataCityProvider.m in Sources */ = {isa = PBXBuildFile; fileRef = 846F7156625FDECAEB9F5C99 /* PMCoreDataCityProvider.m */; };
/* End PBXBuildFile section */

/* Begin PBXContainerItemProxy section */
		0D8D51E91B77BA49001A6D6A /* PBXContainerItemProxy */ = {
			isa = PBXContainerItemProxy;
			containerPortal = 0D8D51C11B77BA49001A6D6A /* Project object */;
			proxyType = 1;
			remoteGlobalIDString = 0D8D51C81B77BA49001A6D6A;
			remoteInfo = CityWeather;
		};
/* End PBXContainerItemProxy section */

/* Begin PBXFileReference section */
		05BE660C9101C12E960FED75 /* Pods.release.xcconfig */ = {isa = PBXFileReference; includeInIndex = 1; lastKnownFileType = text.xcconfig; name = Pods.release.xcconfig; path = "Pods/Target Support Files/Pods/Pods.release.xcconfig"; sourceTree = "<group>"; };
		0C5D67E80467288B7B7CA937 /* Pods.debug.xcconfig */ = {isa = PBXFileReference; includeInIndex = 1; lastKnownFileType = text.xcconfig; name = Pods.debug.xcconfig; path = "Pods/Target Support Files/Pods/Pods.debug.xcconfig"; sourceTree = "<group>"; };
		0D11AE3E1B7895E000A655BA /* PMWorldWeatherWeatherInfo.h */ = {isa = PBXFileReference; fileEncoding = 4; lastKnownFileType = sourcecode.c.h; path = PMWorldWeatherWeatherInfo.h; sourceTree = "<group>"; };
		0D11AE3F1B7895E000A655BA /* PMWorldWeatherWeatherInfo.m */ = {isa = PBXFileReference; fileEncoding = 4; lastKnownFileType = sourcecode.c.objc; path = PMWorldWeatherWeatherInfo.m; sourceTree = "<group>"; };
		0D11AE411B789B3800A655BA /* PMWorldWeatherHourlyForecast.h */ = {isa = PBXFileReference; fileEncoding = 4; lastKnownFileType = sourcecode.c.h; path = PMWorldWeatherHourlyForecast.h; sourceTree = "<group>"; };
		0D11AE421B789B3800A655BA /* PMWorldWeatherHourlyForecast.m */ = {isa = PBXFileReference; fileEncoding = 4; lastKnownFileType = sourcecode.c.objc; path = PMWorldWeatherHourlyForecast.m; sourceTree = "<group>"; };
		0D7EBD1F1B77D06C00FBCB4E /* ICityProvider.h */ = {isa = PBXFileReference; fileEncoding = 4; lastKnownFileType = sourcecode.c.h; path = ICityProvider.h; sourceTree = "<group>"; };
		0D7EBD201B77D09900FBCB4E /* PMWorldWeatherServiceApiProvider.h */ = {isa = PBXFileReference; fileEncoding = 4; lastKnownFileType = sourcecode.c.h; path = PMWorldWeatherServiceApiProvider.h; sourceTree = "<group>"; };
		0D7EBD211B77D09900FBCB4E /* PMWorldWeatherServiceApiProvider.m */ = {isa = PBXFileReference; fileEncoding = 4; lastKnownFileType = sourcecode.c.objc; path = PMWorldWeatherServiceApiProvider.m; sourceTree = "<group>"; };
		0D7EBD9E1B77DD4400FBCB4E /* PMCityEntity.h */ = {isa = PBXFileReference; fileEncoding = 4; lastKnownFileType = sourcecode.c.h; path = PMCityEntity.h; sourceTree = "<group>"; };
		0D7EBD9F1B77DD4400FBCB4E /* PMCityEntity.m */ = {isa = PBXFileReference; fileEncoding = 4; lastKnownFileType = sourcecode.c.objc; path = PMCityEntity.m; sourceTree = "<group>"; };
		0D7EBDAE1B780B5100FBCB4E /* PMCityTableViewCell.h */ = {isa = PBXFileReference; fileEncoding = 4; lastKnownFileType = sourcecode.c.h; path = PMCityTableViewCell.h; sourceTree = "<group>"; };
		0D7EBDAF1B780B5100FBCB4E /* PMCityTableViewCell.m */ = {isa = PBXFileReference; fileEncoding = 4; lastKnownFileType = sourcecode.c.objc; path = PMCityTableViewCell.m; sourceTree = "<group>"; };
		0D7EBDB01B780B5100FBCB4E /* PMCityTableViewCell.xib */ = {isa = PBXFileReference; fileEncoding = 4; lastKnownFileType = file.xib; path = PMCityTableViewCell.xib; sourceTree = "<group>"; };
		0D7EBDB31B7815E500FBCB4E /* PMAddCityViewController.h */ = {isa = PBXFileReference; fileEncoding = 4; lastKnownFileType = sourcecode.c.h; path = PMAddCityViewController.h; sourceTree = "<group>"; };
		0D7EBDB41B7815E500FBCB4E /* PMAddCityViewController.m */ = {isa = PBXFileReference; fileEncoding = 4; lastKnownFileType = sourcecode.c.objc; path = PMAddCityViewController.m; sourceTree = "<group>"; };
		0D7EBDB61B7817EE00FBCB4E /* PMWorldWeatherCityQuery.h */ = {isa = PBXFileReference; fileEncoding = 4; lastKnownFileType = sourcecode.c.h; path = PMWorldWeatherCityQuery.h; sourceTree = "<group>"; };
		0D7EBDB71B7817EE00FBCB4E /* PMWorldWeatherCityQuery.m */ = {isa = PBXFileReference; fileEncoding = 4; lastKnownFileType = sourcecode.c.objc; path = PMWorldWeatherCityQuery.m; sourceTree = "<group>"; };
		0D88065A1BA9F436002542CE /* ICity.swift */ = {isa = PBXFileReference; fileEncoding = 4; lastKnownFileType = sourcecode.swift; path = ICity.swift; sourceTree = "<group>"; };
		0D88065C1BA9F462002542CE /* CityWeather-Bridging-Header.h */ = {isa = PBXFileReference; fileEncoding = 4; lastKnownFileType = sourcecode.c.h; path = "CityWeather-Bridging-Header.h"; sourceTree = "<group>"; };
		0D88065F1BA9F9E5002542CE /* CityWeather-Prefix.pch */ = {isa = PBXFileReference; lastKnownFileType = sourcecode.c.h; path = "CityWeather-Prefix.pch"; sourceTree = "<group>"; };
		0D8806601BA9FAE4002542CE /* PMCity.swift */ = {isa = PBXFileReference; fileEncoding = 4; lastKnownFileType = sourcecode.swift; path = PMCity.swift; sourceTree = "<group>"; };
		0D8806621BA9FE5A002542CE /* PMDomainEntity.h */ = {isa = PBXFileReference; fileEncoding = 4; lastKnownFileType = sourcecode.c.h; path = PMDomainEntity.h; sourceTree = "<group>"; };
		0D8806631BA9FE5A002542CE /* PMDomainEntity.m */ = {isa = PBXFileReference; fileEncoding = 4; lastKnownFileType = sourcecode.c.objc; path = PMDomainEntity.m; sourceTree = "<group>"; };
		0D8D51C91B77BA49001A6D6A /* CityWeather.app */ = {isa = PBXFileReference; explicitFileType = wrapper.application; includeInIndex = 0; path = CityWeather.app; sourceTree = BUILT_PRODUCTS_DIR; };
		0D8D51CD1B77BA49001A6D6A /* Info.plist */ = {isa = PBXFileReference; lastKnownFileType = text.plist.xml; path = Info.plist; sourceTree = "<group>"; };
		0D8D51CE1B77BA49001A6D6A /* main.m */ = {isa = PBXFileReference; lastKnownFileType = sourcecode.c.objc; path = main.m; sourceTree = "<group>"; };
		0D8D51D01B77BA49001A6D6A /* AppDelegate.h */ = {isa = PBXFileReference; lastKnownFileType = sourcecode.c.h; path = AppDelegate.h; sourceTree = "<group>"; };
		0D8D51D11B77BA49001A6D6A /* AppDelegate.m */ = {isa = PBXFileReference; lastKnownFileType = sourcecode.c.objc; path = AppDelegate.m; sourceTree = "<group>"; };
		0D8D51D41B77BA49001A6D6A /* CityWeather.xcdatamodel */ = {isa = PBXFileReference; lastKnownFileType = wrapper.xcdatamodel; path = CityWeather.xcdatamodel; sourceTree = "<group>"; };
		0D8D51D61B77BA49001A6D6A /* MasterViewController.h */ = {isa = PBXFileReference; lastKnownFileType = sourcecode.c.h; path = MasterViewController.h; sourceTree = "<group>"; };
		0D8D51D71B77BA49001A6D6A /* MasterViewController.m */ = {isa = PBXFileReference; lastKnownFileType = sourcecode.c.objc; path = MasterViewController.m; sourceTree = "<group>"; };
		0D8D51D91B77BA49001A6D6A /* DetailViewController.h */ = {isa = PBXFileReference; lastKnownFileType = sourcecode.c.h; path = DetailViewController.h; sourceTree = "<group>"; };
		0D8D51DA1B77BA49001A6D6A /* DetailViewController.m */ = {isa = PBXFileReference; lastKnownFileType = sourcecode.c.objc; path = DetailViewController.m; sourceTree = "<group>"; };
		0D8D51DD1B77BA49001A6D6A /* Base */ = {isa = PBXFileReference; lastKnownFileType = file.storyboard; name = Base; path = Base.lproj/Main.storyboard; sourceTree = "<group>"; };
		0D8D51DF1B77BA49001A6D6A /* Images.xcassets */ = {isa = PBXFileReference; lastKnownFileType = folder.assetcatalog; path = Images.xcassets; sourceTree = "<group>"; };
		0D8D51E21B77BA49001A6D6A /* Base */ = {isa = PBXFileReference; lastKnownFileType = file.xib; name = Base; path = Base.lproj/LaunchScreen.xib; sourceTree = "<group>"; };
		0D8D51E81B77BA49001A6D6A /* CityWeatherTests.xctest */ = {isa = PBXFileReference; explicitFileType = wrapper.cfbundle; includeInIndex = 0; path = CityWeatherTests.xctest; sourceTree = BUILT_PRODUCTS_DIR; };
		0D8D51ED1B77BA49001A6D6A /* Info.plist */ = {isa = PBXFileReference; lastKnownFileType = text.plist.xml; path = Info.plist; sourceTree = "<group>"; };
		0D8D51EE1B77BA49001A6D6A /* CityWeatherTests.m */ = {isa = PBXFileReference; lastKnownFileType = sourcecode.c.objc; path = CityWeatherTests.m; sourceTree = "<group>"; };
		0D8D51FD1B77BF6F001A6D6A /* PMPromise.h */ = {isa = PBXFileReference; fileEncoding = 4; lastKnownFileType = sourcecode.c.h; path = PMPromise.h; sourceTree = "<group>"; };
		0D8D51FE1B77BF6F001A6D6A /* PMPromise.m */ = {isa = PBXFileReference; fileEncoding = 4; lastKnownFileType = sourcecode.c.objc; path = PMPromise.m; sourceTree = "<group>"; };
		0D8D52001B77BF8E001A6D6A /* PMPromiseBuilder.h */ = {isa = PBXFileReference; fileEncoding = 4; lastKnownFileType = sourcecode.c.h; path = PMPromiseBuilder.h; sourceTree = "<group>"; };
		0D8D52011B77BF8E001A6D6A /* PMPromiseBuilder.m */ = {isa = PBXFileReference; fileEncoding = 4; lastKnownFileType = sourcecode.c.objc; path = PMPromiseBuilder.m; sourceTree = "<group>"; };
		0DC3668B1B78BB0E00B3F9D4 /* PMCityEntity+CustomGetters.h */ = {isa = PBXFileReference; fileEncoding = 4; lastKnownFileType = sourcecode.c.h; path = "PMCityEntity+CustomGetters.h"; sourceTree = "<group>"; };
		0DC3668C1B78BB0E00B3F9D4 /* PMCityEntity+CustomGetters.m */ = {isa = PBXFileReference; fileEncoding = 4; lastKnownFileType = sourcecode.c.objc; path = "PMCityEntity+CustomGetters.m"; sourceTree = "<group>"; };
		0DC3668E1B78BD5E00B3F9D4 /* IWeatherInfo.h */ = {isa = PBXFileReference; fileEncoding = 4; lastKnownFileType = sourcecode.c.h; path = IWeatherInfo.h; sourceTree = "<group>"; };
		0DC3668F1B78C16800B3F9D4 /* IWeatherDayInfo.h */ = {isa = PBXFileReference; fileEncoding = 4; lastKnownFileType = sourcecode.c.h; path = IWeatherDayInfo.h; sourceTree = "<group>"; };
		0DC366901B78C1BA00B3F9D4 /* PMWorldWeatherDailyForecast.h */ = {isa = PBXFileReference; fileEncoding = 4; lastKnownFileType = sourcecode.c.h; path = PMWorldWeatherDailyForecast.h; sourceTree = "<group>"; };
		0DC366911B78C1BA00B3F9D4 /* PMWorldWeatherDailyForecast.m */ = {isa = PBXFileReference; fileEncoding = 4; lastKnownFileType = sourcecode.c.objc; path = PMWorldWeatherDailyForecast.m; sourceTree = "<group>"; };
		0DC366931B78C43900B3F9D4 /* PMCityForecastTableViewCell.h */ = {isa = PBXFileReference; fileEncoding = 4; lastKnownFileType = sourcecode.c.h; path = PMCityForecastTableViewCell.h; sourceTree = "<group>"; };
		0DC366941B78C43900B3F9D4 /* PMCityForecastTableViewCell.m */ = {isa = PBXFileReference; fileEncoding = 4; lastKnownFileType = sourcecode.c.objc; path = PMCityForecastTableViewCell.m; sourceTree = "<group>"; };
		0DC366951B78C43900B3F9D4 /* PMCityForecastTableViewCell.xib */ = {isa = PBXFileReference; fileEncoding = 4; lastKnownFileType = file.xib; path = PMCityForecastTableViewCell.xib; sourceTree = "<group>"; };
		32500372A7E274660E41AC10 /* libPods.a */ = {isa = PBXFileReference; explicitFileType = archive.ar; includeInIndex = 0; path = libPods.a; sourceTree = BUILT_PRODUCTS_DIR; };
		846F7156625FDECAEB9F5C99 /* PMCoreDataCityProvider.m */ = {isa = PBXFileReference; fileEncoding = 4; lastKnownFileType = sourcecode.c.objc; path = PMCoreDataCityProvider.m; sourceTree = "<group>"; };
		846F717359D5095027ABDDF4 /* PMWorldWeatherService.h */ = {isa = PBXFileReference; fileEncoding = 4; lastKnownFileType = sourcecode.c.h; path = PMWorldWeatherService.h; sourceTree = "<group>"; };
		846F7270D91C7395F87D4123 /* ICityQueryObject.h */ = {isa = PBXFileReference; fileEncoding = 4; lastKnownFileType = sourcecode.c.h; path = ICityQueryObject.h; sourceTree = "<group>"; };
		846F75E2B6CE274469517714 /* IWeatherService.h */ = {isa = PBXFileReference; fileEncoding = 4; lastKnownFileType = sourcecode.c.h; path = IWeatherService.h; sourceTree = "<group>"; };
		846F7770D211C433BB5D5238 /* IWeather.swift */ = {isa = PBXFileReference; fileEncoding = 4; lastKnownFileType = sourcecode.swift; path = IWeather.swift; sourceTree = "<group>"; };
		846F794FC8B06FDA8F833C1B /* PMWorldWeatherService.m */ = {isa = PBXFileReference; fileEncoding = 4; lastKnownFileType = sourcecode.c.objc; path = PMWorldWeatherService.m; sourceTree = "<group>"; };
		846F7A526B9D12503D704F1E /* PMCoreDataCityProvider.h */ = {isa = PBXFileReference; fileEncoding = 4; lastKnownFileType = sourcecode.c.h; path = PMCoreDataCityProvider.h; sourceTree = "<group>"; };
/* End PBXFileReference section */

/* Begin PBXFrameworksBuildPhase section */
		0D8D51C61B77BA49001A6D6A /* Frameworks */ = {
			isa = PBXFrameworksBuildPhase;
			buildActionMask = 2147483647;
			files = (
				14E66433D59D0DEC25BA96A7 /* libPods.a in Frameworks */,
			);
			runOnlyForDeploymentPostprocessing = 0;
		};
		0D8D51E51B77BA49001A6D6A /* Frameworks */ = {
			isa = PBXFrameworksBuildPhase;
			buildActionMask = 2147483647;
			files = (
			);
			runOnlyForDeploymentPostprocessing = 0;
		};
/* End PBXFrameworksBuildPhase section */

/* Begin PBXGroup section */
		0D7EBD351B77DD4400FBCB4E /* CoreData */ = {
			isa = PBXGroup;
			children = (
				0D7EBD9E1B77DD4400FBCB4E /* PMCityEntity.h */,
				0D7EBD9F1B77DD4400FBCB4E /* PMCityEntity.m */,
				0DC3668B1B78BB0E00B3F9D4 /* PMCityEntity+CustomGetters.h */,
				0DC3668C1B78BB0E00B3F9D4 /* PMCityEntity+CustomGetters.m */,
			);
			path = CoreData;
			sourceTree = "<group>";
		};
		0D7EBDA41B77DDD900FBCB4E /* Interfaces */ = {
			isa = PBXGroup;
			children = (
				846F7270D91C7395F87D4123 /* ICityQueryObject.h */,
				0DC3668E1B78BD5E00B3F9D4 /* IWeatherInfo.h */,
				0DC3668F1B78C16800B3F9D4 /* IWeatherDayInfo.h */,
				0D88065A1BA9F436002542CE /* ICity.swift */,
				0D8806601BA9FAE4002542CE /* PMCity.swift */,
				846F7770D211C433BB5D5238 /* IWeather.swift */,
			);
			path = Interfaces;
			sourceTree = "<group>";
		};
		0D7EBDAD1B780B5100FBCB4E /* Views */ = {
			isa = PBXGroup;
			children = (
				0D7EBDAE1B780B5100FBCB4E /* PMCityTableViewCell.h */,
				0D7EBDAF1B780B5100FBCB4E /* PMCityTableViewCell.m */,
				0D7EBDB01B780B5100FBCB4E /* PMCityTableViewCell.xib */,
				0DC366931B78C43900B3F9D4 /* PMCityForecastTableViewCell.h */,
				0DC366941B78C43900B3F9D4 /* PMCityForecastTableViewCell.m */,
				0DC366951B78C43900B3F9D4 /* PMCityForecastTableViewCell.xib */,
			);
			path = Views;
			sourceTree = "<group>";
		};
		0D8D51C01B77BA49001A6D6A = {
			isa = PBXGroup;
			children = (
				0D8D51CB1B77BA49001A6D6A /* CityWeather */,
				0D8D51EB1B77BA49001A6D6A /* CityWeatherTests */,
				0D8D51CA1B77BA49001A6D6A /* Products */,
				3FBF8D95E526DAB35DF0FCE8 /* Pods */,
				3D1404002DFB5E61C6EF26E7 /* Frameworks */,
			);
			sourceTree = "<group>";
		};
		0D8D51CA1B77BA49001A6D6A /* Products */ = {
			isa = PBXGroup;
			children = (
				0D8D51C91B77BA49001A6D6A /* CityWeather.app */,
				0D8D51E81B77BA49001A6D6A /* CityWeatherTests.xctest */,
			);
			name = Products;
			sourceTree = "<group>";
		};
		0D8D51CB1B77BA49001A6D6A /* CityWeather */ = {
			isa = PBXGroup;
			children = (
				0D7EBDAD1B780B5100FBCB4E /* Views */,
				0D8D51FC1B77BF39001A6D6A /* Framework */,
				0D8D51F81B77BB8F001A6D6A /* Infrastructure */,
				0D8D51D01B77BA49001A6D6A /* AppDelegate.h */,
				0D8D51D11B77BA49001A6D6A /* AppDelegate.m */,
				0D8D51D61B77BA49001A6D6A /* MasterViewController.h */,
				0D8D51D71B77BA49001A6D6A /* MasterViewController.m */,
				0D8D51D91B77BA49001A6D6A /* DetailViewController.h */,
				0D8D51DA1B77BA49001A6D6A /* DetailViewController.m */,
				0D8D51DC1B77BA49001A6D6A /* Main.storyboard */,
				0D8D51DF1B77BA49001A6D6A /* Images.xcassets */,
				0D8D51E11B77BA49001A6D6A /* LaunchScreen.xib */,
				0D8D51D31B77BA49001A6D6A /* CityWeather.xcdatamodeld */,
				0D8D51CC1B77BA49001A6D6A /* Supporting Files */,
				0D7EBDB31B7815E500FBCB4E /* PMAddCityViewController.h */,
				0D7EBDB41B7815E500FBCB4E /* PMAddCityViewController.m */,
				0D88065C1BA9F462002542CE /* CityWeather-Bridging-Header.h */,
				0D88065F1BA9F9E5002542CE /* CityWeather-Prefix.pch */,
			);
			path = CityWeather;
			sourceTree = "<group>";
		};
		0D8D51CC1B77BA49001A6D6A /* Supporting Files */ = {
			isa = PBXGroup;
			children = (
				0D8D51CD1B77BA49001A6D6A /* Info.plist */,
				0D8D51CE1B77BA49001A6D6A /* main.m */,
			);
			name = "Supporting Files";
			sourceTree = "<group>";
		};
		0D8D51EB1B77BA49001A6D6A /* CityWeatherTests */ = {
			isa = PBXGroup;
			children = (
				0D8D51EE1B77BA49001A6D6A /* CityWeatherTests.m */,
				0D8D51EC1B77BA49001A6D6A /* Supporting Files */,
			);
			path = CityWeatherTests;
			sourceTree = "<group>";
		};
		0D8D51EC1B77BA49001A6D6A /* Supporting Files */ = {
			isa = PBXGroup;
			children = (
				0D8D51ED1B77BA49001A6D6A /* Info.plist */,
			);
			name = "Supporting Files";
			sourceTree = "<group>";
		};
		0D8D51F81B77BB8F001A6D6A /* Infrastructure */ = {
			isa = PBXGroup;
			children = (
				0D8D51F91B77BB8F001A6D6A /* Models */,
				0D8D51FA1B77BB8F001A6D6A /* Providers */,
				846F7BFBB727E8FFD91CD1DA /* Services */,
			);
			path = Infrastructure;
			sourceTree = "<group>";
		};
		0D8D51F91B77BB8F001A6D6A /* Models */ = {
			isa = PBXGroup;
			children = (
				0D7EBDA41B77DDD900FBCB4E /* Interfaces */,
				0D7EBD351B77DD4400FBCB4E /* CoreData */,
				0D7EBDB61B7817EE00FBCB4E /* PMWorldWeatherCityQuery.h */,
				0D7EBDB71B7817EE00FBCB4E /* PMWorldWeatherCityQuery.m */,
				0D11AE3E1B7895E000A655BA /* PMWorldWeatherWeatherInfo.h */,
				0D11AE3F1B7895E000A655BA /* PMWorldWeatherWeatherInfo.m */,
				0D11AE411B789B3800A655BA /* PMWorldWeatherHourlyForecast.h */,
				0D11AE421B789B3800A655BA /* PMWorldWeatherHourlyForecast.m */,
				0DC366901B78C1BA00B3F9D4 /* PMWorldWeatherDailyForecast.h */,
				0DC366911B78C1BA00B3F9D4 /* PMWorldWeatherDailyForecast.m */,
			);
			path = Models;
			sourceTree = "<group>";
		};
		0D8D51FA1B77BB8F001A6D6A /* Providers */ = {
			isa = PBXGroup;
			children = (
				0D8D52041B77C5C0001A6D6A /* Interfaces */,
				0D7EBD201B77D09900FBCB4E /* PMWorldWeatherServiceApiProvider.h */,
				0D7EBD211B77D09900FBCB4E /* PMWorldWeatherServiceApiProvider.m */,
				846F7156625FDECAEB9F5C99 /* PMCoreDataCityProvider.m */,
				846F7A526B9D12503D704F1E /* PMCoreDataCityProvider.h */,
			);
			path = Providers;
			sourceTree = "<group>";
		};
		0D8D51FC1B77BF39001A6D6A /* Framework */ = {
			isa = PBXGroup;
			children = (
				0D8806621BA9FE5A002542CE /* PMDomainEntity.h */,
				0D8806631BA9FE5A002542CE /* PMDomainEntity.m */,
				0D8D51FD1B77BF6F001A6D6A /* PMPromise.h */,
				0D8D51FE1B77BF6F001A6D6A /* PMPromise.m */,
				0D8D52001B77BF8E001A6D6A /* PMPromiseBuilder.h */,
				0D8D52011B77BF8E001A6D6A /* PMPromiseBuilder.m */,
			);
			path = Framework;
			sourceTree = "<group>";
		};
		0D8D52041B77C5C0001A6D6A /* Interfaces */ = {
			isa = PBXGroup;
			children = (
				0D7EBD1F1B77D06C00FBCB4E /* ICityProvider.h */,
			);
			path = Interfaces;
			sourceTree = "<group>";
		};
		3D1404002DFB5E61C6EF26E7 /* Frameworks */ = {
			isa = PBXGroup;
			children = (
				32500372A7E274660E41AC10 /* libPods.a */,
			);
			name = Frameworks;
			sourceTree = "<group>";
		};
		3FBF8D95E526DAB35DF0FCE8 /* Pods */ = {
			isa = PBXGroup;
			children = (
				0C5D67E80467288B7B7CA937 /* Pods.debug.xcconfig */,
				05BE660C9101C12E960FED75 /* Pods.release.xcconfig */,
			);
			name = Pods;
			sourceTree = "<group>";
		};
		846F7BFBB727E8FFD91CD1DA /* Services */ = {
			isa = PBXGroup;
			children = (
				846F7F335B3BA1C57325258B /* Interfaces */,
				846F717359D5095027ABDDF4 /* PMWorldWeatherService.h */,
				846F794FC8B06FDA8F833C1B /* PMWorldWeatherService.m */,
			);
			path = Services;
			sourceTree = "<group>";
		};
		846F7F335B3BA1C57325258B /* Interfaces */ = {
			isa = PBXGroup;
			children = (
				846F75E2B6CE274469517714 /* IWeatherService.h */,
			);
			path = Interfaces;
			sourceTree = "<group>";
		};
/* End PBXGroup section */

/* Begin PBXNativeTarget section */
		0D8D51C81B77BA49001A6D6A /* CityWeather */ = {
			isa = PBXNativeTarget;
			buildConfigurationList = 0D8D51F21B77BA49001A6D6A /* Build configuration list for PBXNativeTarget "CityWeather" */;
			buildPhases = (
				9F957013BC62DD13A876CAA1 /* Check Pods Manifest.lock */,
				0D8D51C51B77BA49001A6D6A /* Sources */,
				0D8D51C61B77BA49001A6D6A /* Frameworks */,
				0D8D51C71B77BA49001A6D6A /* Resources */,
				6A196CC0E24E759043C8F6C4 /* Copy Pods Resources */,
			);
			buildRules = (
			);
			dependencies = (
			);
			name = CityWeather;
			productName = CityWeather;
			productReference = 0D8D51C91B77BA49001A6D6A /* CityWeather.app */;
			productType = "com.apple.product-type.application";
		};
		0D8D51E71B77BA49001A6D6A /* CityWeatherTests */ = {
			isa = PBXNativeTarget;
			buildConfigurationList = 0D8D51F51B77BA49001A6D6A /* Build configuration list for PBXNativeTarget "CityWeatherTests" */;
			buildPhases = (
				0D8D51E41B77BA49001A6D6A /* Sources */,
				0D8D51E51B77BA49001A6D6A /* Frameworks */,
				0D8D51E61B77BA49001A6D6A /* Resources */,
			);
			buildRules = (
			);
			dependencies = (
				0D8D51EA1B77BA49001A6D6A /* PBXTargetDependency */,
			);
			name = CityWeatherTests;
			productName = CityWeatherTests;
			productReference = 0D8D51E81B77BA49001A6D6A /* CityWeatherTests.xctest */;
			productType = "com.apple.product-type.bundle.unit-test";
		};
/* End PBXNativeTarget section */

/* Begin PBXProject section */
		0D8D51C11B77BA49001A6D6A /* Project object */ = {
			isa = PBXProject;
			attributes = {
				LastUpgradeCheck = 0640;
				ORGANIZATIONNAME = "Bula doo";
				TargetAttributes = {
					0D8D51C81B77BA49001A6D6A = {
						CreatedOnToolsVersion = 6.4;
					};
					0D8D51E71B77BA49001A6D6A = {
						CreatedOnToolsVersion = 6.4;
						TestTargetID = 0D8D51C81B77BA49001A6D6A;
					};
				};
			};
			buildConfigurationList = 0D8D51C41B77BA49001A6D6A /* Build configuration list for PBXProject "CityWeather" */;
			compatibilityVersion = "Xcode 3.2";
			developmentRegion = English;
			hasScannedForEncodings = 0;
			knownRegions = (
				en,
				Base,
			);
			mainGroup = 0D8D51C01B77BA49001A6D6A;
			productRefGroup = 0D8D51CA1B77BA49001A6D6A /* Products */;
			projectDirPath = "";
			projectRoot = "";
			targets = (
				0D8D51C81B77BA49001A6D6A /* CityWeather */,
				0D8D51E71B77BA49001A6D6A /* CityWeatherTests */,
			);
		};
/* End PBXProject section */

/* Begin PBXResourcesBuildPhase section */
		0D8D51C71B77BA49001A6D6A /* Resources */ = {
			isa = PBXResourcesBuildPhase;
			buildActionMask = 2147483647;
			files = (
				0D8D51DE1B77BA49001A6D6A /* Main.storyboard in Resources */,
				0D7EBDB21B780B5100FBCB4E /* PMCityTableViewCell.xib in Resources */,
				0D8D51E31B77BA49001A6D6A /* LaunchScreen.xib in Resources */,
				0D8D51E01B77BA49001A6D6A /* Images.xcassets in Resources */,
				0DC366971B78C43900B3F9D4 /* PMCityForecastTableViewCell.xib in Resources */,
			);
			runOnlyForDeploymentPostprocessing = 0;
		};
		0D8D51E61B77BA49001A6D6A /* Resources */ = {
			isa = PBXResourcesBuildPhase;
			buildActionMask = 2147483647;
			files = (
			);
			runOnlyForDeploymentPostprocessing = 0;
		};
/* End PBXResourcesBuildPhase section */

/* Begin PBXShellScriptBuildPhase section */
		6A196CC0E24E759043C8F6C4 /* Copy Pods Resources */ = {
			isa = PBXShellScriptBuildPhase;
			buildActionMask = 2147483647;
			files = (
			);
			inputPaths = (
			);
			name = "Copy Pods Resources";
			outputPaths = (
			);
			runOnlyForDeploymentPostprocessing = 0;
			shellPath = /bin/sh;
			shellScript = "\"${SRCROOT}/Pods/Target Support Files/Pods/Pods-resources.sh\"\n";
			showEnvVarsInLog = 0;
		};
		9F957013BC62DD13A876CAA1 /* Check Pods Manifest.lock */ = {
			isa = PBXShellScriptBuildPhase;
			buildActionMask = 2147483647;
			files = (
			);
			inputPaths = (
			);
			name = "Check Pods Manifest.lock";
			outputPaths = (
			);
			runOnlyForDeploymentPostprocessing = 0;
			shellPath = /bin/sh;
			shellScript = "diff \"${PODS_ROOT}/../Podfile.lock\" \"${PODS_ROOT}/Manifest.lock\" > /dev/null\nif [[ $? != 0 ]] ; then\n    cat << EOM\nerror: The sandbox is not in sync with the Podfile.lock. Run 'pod install' or update your CocoaPods installation.\nEOM\n    exit 1\nfi\n";
			showEnvVarsInLog = 0;
		};
/* End PBXShellScriptBuildPhase section */

/* Begin PBXSourcesBuildPhase section */
		0D8D51C51B77BA49001A6D6A /* Sources */ = {
			isa = PBXSourcesBuildPhase;
			buildActionMask = 2147483647;
			files = (
				0D8D51FF1B77BF6F001A6D6A /* PMPromise.m in Sources */,
				0D8806641BA9FE5A002542CE /* PMDomainEntity.m in Sources */,
				0D7EBDA21B77DD4400FBCB4E /* PMCityEntity.m in Sources */,
				0D8D51DB1B77BA49001A6D6A /* DetailViewController.m in Sources */,
				0D7EBDB81B7817EE00FBCB4E /* PMWorldWeatherCityQuery.m in Sources */,
				0D8D52021B77BF8E001A6D6A /* PMPromiseBuilder.m in Sources */,
				0D7EBD221B77D09900FBCB4E /* PMWorldWeatherServiceApiProvider.m in Sources */,
				0D8D51D81B77BA49001A6D6A /* MasterViewController.m in Sources */,
				0D11AE431B789B3800A655BA /* PMWorldWeatherHourlyForecast.m in Sources */,
				0D8D51D51B77BA49001A6D6A /* CityWeather.xcdatamodeld in Sources */,
				0DC3668D1B78BB0E00B3F9D4 /* PMCityEntity+CustomGetters.m in Sources */,
				0D11AE401B7895E000A655BA /* PMWorldWeatherWeatherInfo.m in Sources */,
				0D7EBDB11B780B5100FBCB4E /* PMCityTableViewCell.m in Sources */,
				0D8D51D21B77BA49001A6D6A /* AppDelegate.m in Sources */,
				0D8806611BA9FAE4002542CE /* PMCity.swift in Sources */,
				0DC366921B78C1BA00B3F9D4 /* PMWorldWeatherDailyForecast.m in Sources */,
				0D88065B1BA9F436002542CE /* ICity.swift in Sources */,
				0D8D51CF1B77BA49001A6D6A /* main.m in Sources */,
				846F788BE1FD52A0E8A8BAC9 /* PMCoreDataCityProvider.m in Sources */,
				846F757B0948A574A028EEAD /* PMWorldWeatherService.m in Sources */,
				0DC366961B78C43900B3F9D4 /* PMCityForecastTableViewCell.m in Sources */,
				0D7EBDB51B7815E500FBCB4E /* PMAddCityViewController.m in Sources */,
				846F7329FC167599FE378EA3 /* IWeather.swift in Sources */,
			);
			runOnlyForDeploymentPostprocessing = 0;
		};
		0D8D51E41B77BA49001A6D6A /* Sources */ = {
			isa = PBXSourcesBuildPhase;
			buildActionMask = 2147483647;
			files = (
				0D8D51EF1B77BA49001A6D6A /* CityWeatherTests.m in Sources */,
			);
			runOnlyForDeploymentPostprocessing = 0;
		};
/* End PBXSourcesBuildPhase section */

/* Begin PBXTargetDependency section */
		0D8D51EA1B77BA49001A6D6A /* PBXTargetDependency */ = {
			isa = PBXTargetDependency;
			target = 0D8D51C81B77BA49001A6D6A /* CityWeather */;
			targetProxy = 0D8D51E91B77BA49001A6D6A /* PBXContainerItemProxy */;
		};
/* End PBXTargetDependency section */

/* Begin PBXVariantGroup section */
		0D8D51DC1B77BA49001A6D6A /* Main.storyboard */ = {
			isa = PBXVariantGroup;
			children = (
				0D8D51DD1B77BA49001A6D6A /* Base */,
			);
			name = Main.storyboard;
			sourceTree = "<group>";
		};
		0D8D51E11B77BA49001A6D6A /* LaunchScreen.xib */ = {
			isa = PBXVariantGroup;
			children = (
				0D8D51E21B77BA49001A6D6A /* Base */,
			);
			name = LaunchScreen.xib;
			sourceTree = "<group>";
		};
/* End PBXVariantGroup section */

/* Begin XCBuildConfiguration section */
		0D8D51F01B77BA49001A6D6A /* Debug */ = {
			isa = XCBuildConfiguration;
			buildSettings = {
				ALWAYS_SEARCH_USER_PATHS = NO;
				CLANG_CXX_LANGUAGE_STANDARD = "gnu++0x";
				CLANG_CXX_LIBRARY = "libc++";
				CLANG_ENABLE_MODULES = YES;
				CLANG_ENABLE_OBJC_ARC = YES;
				CLANG_WARN_BOOL_CONVERSION = YES;
				CLANG_WARN_CONSTANT_CONVERSION = YES;
				CLANG_WARN_DIRECT_OBJC_ISA_USAGE = YES_ERROR;
				CLANG_WARN_EMPTY_BODY = YES;
				CLANG_WARN_ENUM_CONVERSION = YES;
				CLANG_WARN_INT_CONVERSION = YES;
				CLANG_WARN_OBJC_ROOT_CLASS = YES_ERROR;
				CLANG_WARN_UNREACHABLE_CODE = YES;
				CLANG_WARN__DUPLICATE_METHOD_MATCH = YES;
				"CODE_SIGN_IDENTITY[sdk=iphoneos*]" = "iPhone Developer";
				COPY_PHASE_STRIP = NO;
				DEBUG_INFORMATION_FORMAT = "dwarf-with-dsym";
				ENABLE_STRICT_OBJC_MSGSEND = YES;
				GCC_C_LANGUAGE_STANDARD = gnu99;
				GCC_DYNAMIC_NO_PIC = NO;
				GCC_NO_COMMON_BLOCKS = YES;
				GCC_OPTIMIZATION_LEVEL = 0;
				GCC_PREPROCESSOR_DEFINITIONS = (
					"DEBUG=1",
					"$(inherited)",
				);
				GCC_SYMBOLS_PRIVATE_EXTERN = NO;
				GCC_WARN_64_TO_32_BIT_CONVERSION = YES;
				GCC_WARN_ABOUT_RETURN_TYPE = YES_ERROR;
				GCC_WARN_UNDECLARED_SELECTOR = YES;
				GCC_WARN_UNINITIALIZED_AUTOS = YES_AGGRESSIVE;
				GCC_WARN_UNUSED_FUNCTION = YES;
				GCC_WARN_UNUSED_VARIABLE = YES;
				IPHONEOS_DEPLOYMENT_TARGET = 8.4;
				MTL_ENABLE_DEBUG_INFO = YES;
				ONLY_ACTIVE_ARCH = YES;
				SDKROOT = iphoneos;
				TARGETED_DEVICE_FAMILY = "1,2";
			};
			name = Debug;
		};
		0D8D51F11B77BA49001A6D6A /* Release */ = {
			isa = XCBuildConfiguration;
			buildSettings = {
				ALWAYS_SEARCH_USER_PATHS = NO;
				CLANG_CXX_LANGUAGE_STANDARD = "gnu++0x";
				CLANG_CXX_LIBRARY = "libc++";
				CLANG_ENABLE_MODULES = YES;
				CLANG_ENABLE_OBJC_ARC = YES;
				CLANG_WARN_BOOL_CONVERSION = YES;
				CLANG_WARN_CONSTANT_CONVERSION = YES;
				CLANG_WARN_DIRECT_OBJC_ISA_USAGE = YES_ERROR;
				CLANG_WARN_EMPTY_BODY = YES;
				CLANG_WARN_ENUM_CONVERSION = YES;
				CLANG_WARN_INT_CONVERSION = YES;
				CLANG_WARN_OBJC_ROOT_CLASS = YES_ERROR;
				CLANG_WARN_UNREACHABLE_CODE = YES;
				CLANG_WARN__DUPLICATE_METHOD_MATCH = YES;
				"CODE_SIGN_IDENTITY[sdk=iphoneos*]" = "iPhone Developer";
				COPY_PHASE_STRIP = NO;
				DEBUG_INFORMATION_FORMAT = "dwarf-with-dsym";
				ENABLE_NS_ASSERTIONS = NO;
				ENABLE_STRICT_OBJC_MSGSEND = YES;
				GCC_C_LANGUAGE_STANDARD = gnu99;
				GCC_NO_COMMON_BLOCKS = YES;
				GCC_WARN_64_TO_32_BIT_CONVERSION = YES;
				GCC_WARN_ABOUT_RETURN_TYPE = YES_ERROR;
				GCC_WARN_UNDECLARED_SELECTOR = YES;
				GCC_WARN_UNINITIALIZED_AUTOS = YES_AGGRESSIVE;
				GCC_WARN_UNUSED_FUNCTION = YES;
				GCC_WARN_UNUSED_VARIABLE = YES;
				IPHONEOS_DEPLOYMENT_TARGET = 8.4;
				MTL_ENABLE_DEBUG_INFO = NO;
				SDKROOT = iphoneos;
				TARGETED_DEVICE_FAMILY = "1,2";
				VALIDATE_PRODUCT = YES;
			};
			name = Release;
		};
		0D8D51F31B77BA49001A6D6A /* Debug */ = {
			isa = XCBuildConfiguration;
			baseConfigurationReference = 0C5D67E80467288B7B7CA937 /* Pods.debug.xcconfig */;
			buildSettings = {
				ASSETCATALOG_COMPILER_APPICON_NAME = AppIcon;
				CLANG_ENABLE_MODULES = YES;
				GCC_PRECOMPILE_PREFIX_HEADER = YES;
				GCC_PREFIX_HEADER = "${SRCROOT}/CityWeather/CityWeather-Prefix.pch";
				INFOPLIST_FILE = CityWeather/Info.plist;
				LD_RUNPATH_SEARCH_PATHS = "$(inherited) @executable_path/Frameworks";
				PRODUCT_NAME = "$(TARGET_NAME)";
				SWIFT_OBJC_BRIDGING_HEADER = "CityWeather/CityWeather-Bridging-Header.h";
				SWIFT_OPTIMIZATION_LEVEL = "-Onone";
				TARGETED_DEVICE_FAMILY = 2;
			};
			name = Debug;
		};
		0D8D51F41B77BA49001A6D6A /* Release */ = {
			isa = XCBuildConfiguration;
			baseConfigurationReference = 05BE660C9101C12E960FED75 /* Pods.release.xcconfig */;
			buildSettings = {
				ASSETCATALOG_COMPILER_APPICON_NAME = AppIcon;
				CLANG_ENABLE_MODULES = YES;
				GCC_PRECOMPILE_PREFIX_HEADER = YES;
				GCC_PREFIX_HEADER = "${SRCROOT}/CityWeather/CityWeather-Prefix.pch";
				INFOPLIST_FILE = CityWeather/Info.plist;
				LD_RUNPATH_SEARCH_PATHS = "$(inherited) @executable_path/Frameworks";
				PRODUCT_NAME = "$(TARGET_NAME)";
				SWIFT_OBJC_BRIDGING_HEADER = "CityWeather/CityWeather-Bridging-Header.h";
				TARGETED_DEVICE_FAMILY = 2;
			};
			name = Release;
		};
		0D8D51F61B77BA49001A6D6A /* Debug */ = {
			isa = XCBuildConfiguration;
			buildSettings = {
				BUNDLE_LOADER = "$(TEST_HOST)";
				FRAMEWORK_SEARCH_PATHS = (
					"$(SDKROOT)/Developer/Library/Frameworks",
					"$(inherited)",
				);
				GCC_PREPROCESSOR_DEFINITIONS = (
					"DEBUG=1",
					"$(inherited)",
				);
				INFOPLIST_FILE = CityWeatherTests/Info.plist;
				LD_RUNPATH_SEARCH_PATHS = "$(inherited) @executable_path/Frameworks @loader_path/Frameworks";
				PRODUCT_NAME = "$(TARGET_NAME)";
				TEST_HOST = "$(BUILT_PRODUCTS_DIR)/CityWeather.app/CityWeather";
			};
			name = Debug;
		};
		0D8D51F71B77BA49001A6D6A /* Release */ = {
			isa = XCBuildConfiguration;
			buildSettings = {
				BUNDLE_LOADER = "$(TEST_HOST)";
				FRAMEWORK_SEARCH_PATHS = (
					"$(SDKROOT)/Developer/Library/Frameworks",
					"$(inherited)",
				);
				INFOPLIST_FILE = CityWeatherTests/Info.plist;
				LD_RUNPATH_SEARCH_PATHS = "$(inherited) @executable_path/Frameworks @loader_path/Frameworks";
				PRODUCT_NAME = "$(TARGET_NAME)";
				TEST_HOST = "$(BUILT_PRODUCTS_DIR)/CityWeather.app/CityWeather";
			};
			name = Release;
		};
/* End XCBuildConfiguration section */

/* Begin XCConfigurationList section */
		0D8D51C41B77BA49001A6D6A /* Build configuration list for PBXProject "CityWeather" */ = {
			isa = XCConfigurationList;
			buildConfigurations = (
				0D8D51F01B77BA49001A6D6A /* Debug */,
				0D8D51F11B77BA49001A6D6A /* Release */,
			);
			defaultConfigurationIsVisible = 0;
			defaultConfigurationName = Release;
		};
		0D8D51F21B77BA49001A6D6A /* Build configuration list for PBXNativeTarget "CityWeather" */ = {
			isa = XCConfigurationList;
			buildConfigurations = (
				0D8D51F31B77BA49001A6D6A /* Debug */,
				0D8D51F41B77BA49001A6D6A /* Release */,
			);
			defaultConfigurationIsVisible = 0;
			defaultConfigurationName = Release;
		};
		0D8D51F51B77BA49001A6D6A /* Build configuration list for PBXNativeTarget "CityWeatherTests" */ = {
			isa = XCConfigurationList;
			buildConfigurations = (
				0D8D51F61B77BA49001A6D6A /* Debug */,
				0D8D51F71B77BA49001A6D6A /* Release */,
			);
			defaultConfigurationIsVisible = 0;
			defaultConfigurationName = Release;
		};
/* End XCConfigurationList section */

/* Begin XCVersionGroup section */
		0D8D51D31B77BA49001A6D6A /* CityWeather.xcdatamodeld */ = {
			isa = XCVersionGroup;
			children = (
				0D8D51D41B77BA49001A6D6A /* CityWeather.xcdatamodel */,
			);
			currentVersion = 0D8D51D41B77BA49001A6D6A /* CityWeather.xcdatamodel */;
			path = CityWeather.xcdatamodeld;
			sourceTree = "<group>";
			versionGroupType = wrapper.xcdatamodel;
		};
/* End XCVersionGroup section */
	};
	rootObject = 0D8D51C11B77BA49001A6D6A /* Project object */;
}
